
Microsoft Visual Studio Solution File, Format Version 12.00
# Visual Studio 14
VisualStudioVersion = 14.0.25420.1
MinimumVisualStudioVersion = 10.0.40219.1
Project("{FAE04EC0-301F-11D3-BF4B-00C04F79EFBC}") = "DBModel", "DBModel\DBModel.csproj", "{7BB2C9C2-7AFA-41A7-B692-6592892CAB28}"
EndProject
Project("{FAE04EC0-301F-11D3-BF4B-00C04F79EFBC}") = "WebApp", "WebApp\WebApp.csproj", "{BEF5D2A8-C2CE-45A1-B576-BBAA873EC519}"
EndProject
Global
	GlobalSection(SolutionConfigurationPlatforms) = preSolution
		Debug|Any CPU = Debug|Any CPU
		Release|Any CPU = Release|Any CPU
	EndGlobalSection
	GlobalSection(ProjectConfigurationPlatforms) = postSolution
		{7BB2C9C2-7AFA-41A7-B692-6592892CAB28}.Debug|Any CPU.ActiveCfg = Debug|Any CPU
		{7BB2C9C2-7AFA-41A7-B692-6592892CAB28}.Debug|Any CPU.Build.0 = Debug|Any CPU
		{7BB2C9C2-7AFA-41A7-B692-6592892CAB28}.Release|Any CPU.ActiveCfg = Release|Any CPU
		{7BB2C9C2-7AFA-41A7-B692-6592892CAB28}.Release|Any CPU.Build.0 = Release|Any CPU
		{BEF5D2A8-C2CE-45A1-B576-BBAA873EC519}.Debug|Any CPU.ActiveCfg = Debug|Any CPU
		{BEF5D2A8-C2CE-45A1-B576-BBAA873EC519}.Debug|Any CPU.Build.0 = Debug|Any CPU
		{BEF5D2A8-C2CE-45A1-B576-BBAA873EC519}.Release|Any CPU.ActiveCfg = Release|Any CPU
		{BEF5D2A8-C2CE-45A1-B576-BBAA873EC519}.Release|Any CPU.Build.0 = Release|Any CPU
	EndGlobalSection
	GlobalSection(SolutionProperties) = preSolution
		HideSolutionNode = FALSE
	EndGlobalSection
EndGlobal
